
Microsoft Visual Studio Solution File, Format Version 12.00
# Visual Studio Version 17
VisualStudioVersion = 17.1.32319.34
MinimumVisualStudioVersion = 10.0.40219.1
Project("{9A19103F-16F7-4668-BE54-9A1E7A4F7556}") = "OkxNet", "OkxNet\OkxNet.csproj", "{0D37D1F6-7B5D-4848-AB27-F6B0BFC89EE6}"
EndProject
Project("{9A19103F-16F7-4668-BE54-9A1E7A4F7556}") = "OkxNetExamples", "OkxNetExamples\OkxNetExamples.csproj", "{801B7A7B-FF49-4458-A26A-37255B09ADF6}"
EndProject
Global
	GlobalSection(SolutionConfigurationPlatforms) = preSolution
		Debug|Any CPU = Debug|Any CPU
		Release|Any CPU = Release|Any CPU
	EndGlobalSection
	GlobalSection(ProjectConfigurationPlatforms) = postSolution
		{0D37D1F6-7B5D-4848-AB27-F6B0BFC89EE6}.Debug|Any CPU.ActiveCfg = Debug|Any CPU
		{0D37D1F6-7B5D-4848-AB27-F6B0BFC89EE6}.Debug|Any CPU.Build.0 = Debug|Any CPU
		{0D37D1F6-7B5D-4848-AB27-F6B0BFC89EE6}.Release|Any CPU.ActiveCfg = Release|Any CPU
		{0D37D1F6-7B5D-4848-AB27-F6B0BFC89EE6}.Release|Any CPU.Build.0 = Release|Any CPU
		{801B7A7B-FF49-4458-A26A-37255B09ADF6}.Debug|Any CPU.ActiveCfg = Debug|Any CPU
		{801B7A7B-FF49-4458-A26A-37255B09ADF6}.Debug|Any CPU.Build.0 = Debug|Any CPU
		{801B7A7B-FF49-4458-A26A-37255B09ADF6}.Release|Any CPU.ActiveCfg = Release|Any CPU
		{801B7A7B-FF49-4458-A26A-37255B09ADF6}.Release|Any CPU.Build.0 = Release|Any CPU
	EndGlobalSection
	GlobalSection(SolutionProperties) = preSolution
		HideSolutionNode = FALSE
	EndGlobalSection
	GlobalSection(ExtensibilityGlobals) = postSolution
		SolutionGuid = {D139A562-57DF-4A94-8C98-1A599CF233ED}
	EndGlobalSection
EndGlobal
