
Microsoft Visual Studio Solution File, Format Version 12.00
# Visual Studio Version 17
VisualStudioVersion = 17.1.32319.34
MinimumVisualStudioVersion = 10.0.40219.1
Project("{9A19103F-16F7-4668-BE54-9A1E7A4F7556}") = "SharpCryptoExchange.Okx", "Core\SharpCryptoExchange.Okx.csproj", "{24A3A947-0240-4BF4-84AD-E38704E57EE4}"
EndProject
Project("{9A19103F-16F7-4668-BE54-9A1E7A4F7556}") = "SharpCryptoExchange", "..\SharpCryptoExchange\SharpCryptoExchange\SharpCryptoExchange.csproj", "{46CAA624-C644-4F98-AFA4-D29952D023BF}"
EndProject
Project("{9A19103F-16F7-4668-BE54-9A1E7A4F7556}") = "SharpCryptoExchange.Okx.Examples", "Examples\SharpCryptoExchange.Okx.Examples.csproj", "{C8E6141F-8027-4271-9D15-92BD1DCA5665}"
EndProject
Global
	GlobalSection(SolutionConfigurationPlatforms) = preSolution
		Debug|Any CPU = Debug|Any CPU
		Release|Any CPU = Release|Any CPU
	EndGlobalSection
	GlobalSection(ProjectConfigurationPlatforms) = postSolution
		{24A3A947-0240-4BF4-84AD-E38704E57EE4}.Debug|Any CPU.ActiveCfg = Debug|Any CPU
		{24A3A947-0240-4BF4-84AD-E38704E57EE4}.Debug|Any CPU.Build.0 = Debug|Any CPU
		{24A3A947-0240-4BF4-84AD-E38704E57EE4}.Release|Any CPU.ActiveCfg = Release|Any CPU
		{24A3A947-0240-4BF4-84AD-E38704E57EE4}.Release|Any CPU.Build.0 = Release|Any CPU
		{46CAA624-C644-4F98-AFA4-D29952D023BF}.Debug|Any CPU.ActiveCfg = Debug|Any CPU
		{46CAA624-C644-4F98-AFA4-D29952D023BF}.Debug|Any CPU.Build.0 = Debug|Any CPU
		{46CAA624-C644-4F98-AFA4-D29952D023BF}.Release|Any CPU.ActiveCfg = Release|Any CPU
		{46CAA624-C644-4F98-AFA4-D29952D023BF}.Release|Any CPU.Build.0 = Release|Any CPU
		{C8E6141F-8027-4271-9D15-92BD1DCA5665}.Debug|Any CPU.ActiveCfg = Debug|Any CPU
		{C8E6141F-8027-4271-9D15-92BD1DCA5665}.Debug|Any CPU.Build.0 = Debug|Any CPU
		{C8E6141F-8027-4271-9D15-92BD1DCA5665}.Release|Any CPU.ActiveCfg = Release|Any CPU
		{C8E6141F-8027-4271-9D15-92BD1DCA5665}.Release|Any CPU.Build.0 = Release|Any CPU
	EndGlobalSection
	GlobalSection(SolutionProperties) = preSolution
		HideSolutionNode = FALSE
	EndGlobalSection
	GlobalSection(ExtensibilityGlobals) = postSolution
		SolutionGuid = {D139A562-57DF-4A94-8C98-1A599CF233ED}
	EndGlobalSection
EndGlobal
